lockfileVersion: '9.0'

settings:
  autoInstallPeers: true
  excludeLinksFromLockfile: false

importers:

  .:
    dependencies:
      '@tanstack/react-query':
        specifier: ^5.97.0
        version: 5.97.0(react@19.2.5)
      '@tanstack/react-query-devtools':
        specifier: ^5.97.0
        version: 5.97.0(@tanstack/react-query@5.97.0(react@19.2.5))(react@19.2.5)

packages:

  '@tanstack/query-core@5.97.0':
    resolution: {integrity: sha512-QdpLP5VzVMgo4VtaPppRA2W04UFjIqX+bxke/ZJhE5cfd5UPkRzqIAJQt9uXkQJjqE8LBOMbKv7f8HCsZltXlg==}

  '@tanstack/query-devtools@5.97.0':
    resolution: {integrity: sha512-ZMjAuYhQCKwKLKFMrD+HJDehHwWBVTGOuWBf4vEjR9unO+UGUjQ1mw2TuVbQKoLN/eRwB7qtlPsWBqobBoRBMQ==}

  '@tanstack/react-query-devtools@5.97.0':
    resolution: {integrity: sha512-X4/VZKCbBIRj8cVD/oZCKTwwPmFXrY1VOfwUT5qI/+/JZYAUS+8vGNMqwBXbaAu1ZsVzzDzkT/wtBE/5OtQYGg==}
    peerDependencies:
      '@tanstack/react-query': ^5.97.0
      react: ^18 || ^19

  '@tanstack/react-query@5.97.0':
    resolution: {integrity: sha512-y4So4eGcQoK2WVMAcDNZE9ofB/p5v1OlKvtc1F3uqHwrtifobT7q+ZnXk2mRkc8E84HKYSlAE9z6HXl2V0+ySQ==}
    peerDependencies:
      react: ^18 || ^19

  react@19.2.5:
    resolution: {integrity: sha512-llUJLzz1zTUBrskt2pwZgLq59AemifIftw4aB7JxOqf1HY2FDaGDxgwpAPVzHU1kdWabH7FauP4i1oEeer2WCA==}
    engines: {node: '>=0.10.0'}

snapshots:

  '@tanstack/query-core@5.97.0': {}

  '@tanstack/query-devtools@5.97.0': {}

  '@tanstack/react-query-devtools@5.97.0(@tanstack/react-query@5.97.0(react@19.2.5))(react@19.2.5)':
    dependencies:
      '@tanstack/query-devtools': 5.97.0
      '@tanstack/react-query': 5.97.0(react@19.2.5)
      react: 19.2.5

  '@tanstack/react-query@5.97.0(react@19.2.5)':
    dependencies:
      '@tanstack/query-core': 5.97.0
      react: 19.2.5

  react@19.2.5: {}
